PODS:
  - AgoraComponetLog (0.0.1)
  - AgoraLyricsScore (1.1.6):
    - AgoraComponetLog
    - Zip
  - AgoraRtcEngine_Special_iOS (4.3.2.2)
  - SVProgressHUD (2.3.1):
    - SVProgressHUD/Core (= 2.3.1)
  - SVProgressHUD/Core (2.3.1)
  - SwiftProtobuf (1.25.2)
  - Zip (2.1.2)

DEPENDENCIES:
  - AgoraLyricsScore (= 1.1.6)
  - AgoraRtcEngine_Special_iOS (= 4.3.2.2)
  - SVProgressHUD
  - SwiftProtobuf
  - Zip

SPEC REPOS:
  trunk:
    - AgoraComponetLog
    - AgoraLyricsScore
    - AgoraRtcEngine_Special_iOS
    - SVProgressHUD
    - SwiftProtobuf
    - Zip

SPEC CHECKSUMS:
  AgoraComponetLog: c52aec8db3ea38c5693fd4f1beee05ba7715e68b
  AgoraLyricsScore: 7576387b199cdc3b2752a113688abd0a807a2ca3
  AgoraRtcEngine_Special_iOS: 4f1a1d2f2e7b564735fd74ced733c76e33b5dc04
  SVProgressHUD: 4837c74bdfe2e51e8821c397825996a8d7de6e22
  SwiftProtobuf: 407a385e97fd206c4fbe880cc84123989167e0d1
  Zip: b3fef584b147b6e582b2256a9815c897d60ddc67

PODFILE CHECKSUM: db850d4294833f17b507bcd17de203fd23084ce3

COCOAPODS: 1.15.2
